
Microsoft Visual Studio Solution File, Format Version 12.00
# Visual Studio 15
VisualStudioVersion = 15.0.27703.2035
MinimumVisualStudioVersion = 10.0.40219.1
Project("{FAE04EC0-301F-11D3-BF4B-00C04F79EFBC}") = "ConsoleApp1", "ConsoleApp1\ConsoleApp1.csproj", "{2633CED5-15D0-43A0-965C-1134E75F0905}"
EndProject
Global
	GlobalSection(SolutionConfigurationPlatforms) = preSolution
		Debug|Any CPU = Debug|Any CPU
		Release|Any CPU = Release|Any CPU
	EndGlobalSection
	GlobalSection(ProjectConfigurationPlatforms) = postSolution
		{2633CED5-15D0-43A0-965C-1134E75F0905}.Debug|Any CPU.ActiveCfg = Debug|Any CPU
		{2633CED5-15D0-43A0-965C-1134E75F0905}.Debug|Any CPU.Build.0 = Debug|Any CPU
		{2633CED5-15D0-43A0-965C-1134E75F0905}.Release|Any CPU.ActiveCfg = Release|Any CPU
		{2633CED5-15D0-43A0-965C-1134E75F0905}.Release|Any CPU.Build.0 = Release|Any CPU
	EndGlobalSection
	GlobalSection(SolutionProperties) = preSolution
		HideSolutionNode = FALSE
	EndGlobalSection
	GlobalSection(ExtensibilityGlobals) = postSolution
		SolutionGuid = {826061C9-72D7-465D-A37D-63F85E6B33C4}
	EndGlobalSection
EndGlobal
